
Microsoft Visual Studio Solution File, Format Version 10.00
# Visual Studio 2008
Project("{FAE04EC0-301F-11D3-BF4B-00C04F79EFBC}") = "SocialNetWorkingUpdata", "SocialNetWorkingUpdata\SocialNetWorkingUpdata.csproj", "{94530FE3-235F-4ABF-8451-9C6B54632A3C}"
EndProject
Project("{FAE04EC0-301F-11D3-BF4B-00C04F79EFBC}") = "BLL", "BLL\BLL.csproj", "{787D09D2-0793-4B1A-AC12-2B5C58D11A80}"
EndProject
Project("{FAE04EC0-301F-11D3-BF4B-00C04F79EFBC}") = "IDAL", "IDAL\IDAL.csproj", "{77C28A34-C48A-4AAE-A337-CB5C4DD8BCA7}"
EndProject
Project("{FAE04EC0-301F-11D3-BF4B-00C04F79EFBC}") = "DALFactory", "DALFactory\DALFactory.csproj", "{92AF915C-74E7-4E47-AF5F-880E0332073D}"
EndProject
Project("{FAE04EC0-301F-11D3-BF4B-00C04F79EFBC}") = "OleDbDAL", "OleDbDAL\OleDbDAL.csproj", "{62B0B3C8-33EB-42D3-ADAF-6F3A5F62CA80}"
EndProject
Project("{FAE04EC0-301F-11D3-BF4B-00C04F79EFBC}") = "SQLDAL", "SQLDAL\SQLDAL.csproj", "{3B216780-0F89-437D-9E96-F1D5BED0F358}"
EndProject
Project("{FAE04EC0-301F-11D3-BF4B-00C04F79EFBC}") = "DBUtility", "DBUtility\DBUtility.csproj", "{8BDC1D09-396C-4DF1-BB4C-0389DE2FD730}"
EndProject
Global
	GlobalSection(SolutionConfigurationPlatforms) = preSolution
		Debug|Any CPU = Debug|Any CPU
		Release|Any CPU = Release|Any CPU
	EndGlobalSection
	GlobalSection(ProjectConfigurationPlatforms) = postSolution
		{94530FE3-235F-4ABF-8451-9C6B54632A3C}.Debug|Any CPU.ActiveCfg = Debug|Any CPU
		{94530FE3-235F-4ABF-8451-9C6B54632A3C}.Debug|Any CPU.Build.0 = Debug|Any CPU
		{94530FE3-235F-4ABF-8451-9C6B54632A3C}.Release|Any CPU.ActiveCfg = Release|Any CPU
		{94530FE3-235F-4ABF-8451-9C6B54632A3C}.Release|Any CPU.Build.0 = Release|Any CPU
		{787D09D2-0793-4B1A-AC12-2B5C58D11A80}.Debug|Any CPU.ActiveCfg = Debug|Any CPU
		{787D09D2-0793-4B1A-AC12-2B5C58D11A80}.Debug|Any CPU.Build.0 = Debug|Any CPU
		{787D09D2-0793-4B1A-AC12-2B5C58D11A80}.Release|Any CPU.ActiveCfg = Release|Any CPU
		{787D09D2-0793-4B1A-AC12-2B5C58D11A80}.Release|Any CPU.Build.0 = Release|Any CPU
		{77C28A34-C48A-4AAE-A337-CB5C4DD8BCA7}.Debug|Any CPU.ActiveCfg = Debug|Any CPU
		{77C28A34-C48A-4AAE-A337-CB5C4DD8BCA7}.Debug|Any CPU.Build.0 = Debug|Any CPU
		{77C28A34-C48A-4AAE-A337-CB5C4DD8BCA7}.Release|Any CPU.ActiveCfg = Release|Any CPU
		{77C28A34-C48A-4AAE-A337-CB5C4DD8BCA7}.Release|Any CPU.Build.0 = Release|Any CPU
		{92AF915C-74E7-4E47-AF5F-880E0332073D}.Debug|Any CPU.ActiveCfg = Debug|Any CPU
		{92AF915C-74E7-4E47-AF5F-880E0332073D}.Debug|Any CPU.Build.0 = Debug|Any CPU
		{92AF915C-74E7-4E47-AF5F-880E0332073D}.Release|Any CPU.ActiveCfg = Release|Any CPU
		{92AF915C-74E7-4E47-AF5F-880E0332073D}.Release|Any CPU.Build.0 = Release|Any CPU
		{62B0B3C8-33EB-42D3-ADAF-6F3A5F62CA80}.Debug|Any CPU.ActiveCfg = Debug|Any CPU
		{62B0B3C8-33EB-42D3-ADAF-6F3A5F62CA80}.Debug|Any CPU.Build.0 = Debug|Any CPU
		{62B0B3C8-33EB-42D3-ADAF-6F3A5F62CA80}.Release|Any CPU.ActiveCfg = Release|Any CPU
		{62B0B3C8-33EB-42D3-ADAF-6F3A5F62CA80}.Release|Any CPU.Build.0 = Release|Any CPU
		{3B216780-0F89-437D-9E96-F1D5BED0F358}.Debug|Any CPU.ActiveCfg = Debug|Any CPU
		{3B216780-0F89-437D-9E96-F1D5BED0F358}.Debug|Any CPU.Build.0 = Debug|Any CPU
		{3B216780-0F89-437D-9E96-F1D5BED0F358}.Release|Any CPU.ActiveCfg = Release|Any CPU
		{3B216780-0F89-437D-9E96-F1D5BED0F358}.Release|Any CPU.Build.0 = Release|Any CPU
		{8BDC1D09-396C-4DF1-BB4C-0389DE2FD730}.Debug|Any CPU.ActiveCfg = Debug|Any CPU
		{8BDC1D09-396C-4DF1-BB4C-0389DE2FD730}.Debug|Any CPU.Build.0 = Debug|Any CPU
		{8BDC1D09-396C-4DF1-BB4C-0389DE2FD730}.Release|Any CPU.ActiveCfg = Release|Any CPU
		{8BDC1D09-396C-4DF1-BB4C-0389DE2FD730}.Release|Any CPU.Build.0 = Release|Any CPU
	EndGlobalSection
	GlobalSection(SolutionProperties) = preSolution
		HideSolutionNode = FALSE
	EndGlobalSection
EndGlobal
